
Microsoft Visual Studio Solution File, Format Version 12.00
# Visual Studio Version 17
VisualStudioVersion = 17.9.34723.18
MinimumVisualStudioVersion = 10.0.40219.1
Project("{FAE04EC0-301F-11D3-BF4B-00C04F79EFBC}") = "ScreenSound", "ScreenSound\ScreenSound.csproj", "{94354B82-245D-47DD-B9C8-0BC65BF16126}"
EndProject
Global
	GlobalSection(SolutionConfigurationPlatforms) = preSolution
		Debug|Any CPU = Debug|Any CPU
		Release|Any CPU = Release|Any CPU
	EndGlobalSection
	GlobalSection(ProjectConfigurationPlatforms) = postSolution
		{94354B82-245D-47DD-B9C8-0BC65BF16126}.Debug|Any CPU.ActiveCfg = Debug|Any CPU
		{94354B82-245D-47DD-B9C8-0BC65BF16126}.Debug|Any CPU.Build.0 = Debug|Any CPU
		{94354B82-245D-47DD-B9C8-0BC65BF16126}.Release|Any CPU.ActiveCfg = Release|Any CPU
		{94354B82-245D-47DD-B9C8-0BC65BF16126}.Release|Any CPU.Build.0 = Release|Any CPU
	EndGlobalSection
	GlobalSection(SolutionProperties) = preSolution
		HideSolutionNode = FALSE
	EndGlobalSection
	GlobalSection(ExtensibilityGlobals) = postSolution
		SolutionGuid = {3B9B50F0-342F-4DF2-858D-09972212569E}
	EndGlobalSection
EndGlobal
